// !$*UTF8*$!
{
	archiveVersion = 1;
	classes = {
	};
	objectVersion = 51;
	objects = {

/* Begin PBXBuildFile section */
		1805C9122456BDA700254818 /* FDMPlayerBottomView.swift in Sources */ = {isa = PBXBuildFile; fileRef = 1805C9112456BDA700254818 /* FDMPlayerBottomView.swift */; };
		1805C9142456CDF300254818 /* FDMPlayerItem.swift in Sources */ = {isa = PBXBuildFile; fileRef = 1805C9132456CDF300254818 /* FDMPlayerItem.swift */; };
		185BBE5A2456AB280093DF12 /* AppDelegate.swift in Sources */ = {isa = PBXBuildFile; fileRef = 185BBE592456AB280093DF12 /* AppDelegate.swift */; };
		185BBE5E2456AB280093DF12 /* ViewController.swift in Sources */ = {isa = PBXBuildFile; fileRef = 185BBE5D2456AB280093DF12 /* ViewController.swift */; };
		185BBE612456AB280093DF12 /* Main.storyboard in Resources */ = {isa = PBXBuildFile; fileRef = 185BBE5F2456AB280093DF12 /* Main.storyboard */; };
		185BBE632456AB280093DF12 /* Assets.xcassets in Resources */ = {isa = PBXBuildFile; fileRef = 185BBE622456AB280093DF12 /* Assets.xcassets */; };
		185BBE662456AB280093DF12 /* LaunchScreen.storyboard in Resources */ = {isa = PBXBuildFile; fileRef = 185BBE642456AB280093DF12 /* LaunchScreen.storyboard */; };
		185BBE7E2456BB200093DF12 /* FDMPlayerControlManager.swift in Sources */ = {isa = PBXBuildFile; fileRef = 185BBE7D2456BB200093DF12 /* FDMPlayerControlManager.swift */; };
		270BD05E2170CF4D9E46713E /* Pods_FDMPlayerControl.framework in Frameworks */ = {isa = PBXBuildFile; fileRef = B4D5ECA1460143ED32F781D4 /* Pods_FDMPlayerControl.framework */; };
/* End PBXBuildFile section */

/* Begin PBXFileReference section */
		1805C9112456BDA700254818 /* FDMPlayerBottomView.swift */ = {isa = PBXFileReference; lastKnownFileType = sourcecode.swift; path = FDMPlayerBottomView.swift; sourceTree = "<group>"; };
		1805C9132456CDF300254818 /* FDMPlayerItem.swift */ = {isa = PBXFileReference; lastKnownFileType = sourcecode.swift; path = FDMPlayerItem.swift; sourceTree = "<group>"; };
		185BBE562456AB280093DF12 /* FDMPlayerControl.app */ = {isa = PBXFileReference; explicitFileType = wrapper.application; includeInIndex = 0; path = FDMPlayerControl.app; sourceTree = BUILT_PRODUCTS_DIR; };
		185BBE592456AB280093DF12 /* AppDelegate.swift */ = {isa = PBXFileReference; lastKnownFileType = sourcecode.swift; path = AppDelegate.swift; sourceTree = "<group>"; };
		185BBE5D2456AB280093DF12 /* ViewController.swift */ = {isa = PBXFileReference; lastKnownFileType = sourcecode.swift; path = ViewController.swift; sourceTree = "<group>"; };
		185BBE602456AB280093DF12 /* Base */ = {isa = PBXFileReference; lastKnownFileType = file.storyboard; name = Base; path = Base.lproj/Main.storyboard; sourceTree = "<group>"; };
		185BBE622456AB280093DF12 /* Assets.xcassets */ = {isa = PBXFileReference; lastKnownFileType = folder.assetcatalog; path = Assets.xcassets; sourceTree = "<group>"; };
		185BBE652456AB280093DF12 /* Base */ = {isa = PBXFileReference; lastKnownFileType = file.storyboard; name = Base; path = Base.lproj/LaunchScreen.storyboard; sourceTree = "<group>"; };
		185BBE672456AB280093DF12 /* Info.plist */ = {isa = PBXFileReference; lastKnownFileType = text.plist.xml; path = Info.plist; sourceTree = "<group>"; };
		185BBE752456B8C50093DF12 /* SnapKit.framework */ = {isa = PBXFileReference; lastKnownFileType = wrapper.framework; name = SnapKit.framework; path = "../ios-edumanage/Carthage/Build/iOS/SnapKit.framework"; sourceTree = "<group>"; };
		185BBE7D2456BB200093DF12 /* FDMPlayerControlManager.swift */ = {isa = PBXFileReference; lastKnownFileType = sourcecode.swift; path = FDMPlayerControlManager.swift; sourceTree = "<group>"; };
		1B589AE814D0F7DB181DB02D /* Pods-FDMPlayerControl.debug.xcconfig */ = {isa = PBXFileReference; includeInIndex = 1; lastKnownFileType = text.xcconfig; name = "Pods-FDMPlayerControl.debug.xcconfig"; path = "Target Support Files/Pods-FDMPlayerControl/Pods-FDMPlayerControl.debug.xcconfig"; sourceTree = "<group>"; };
		B4D5ECA1460143ED32F781D4 /* Pods_FDMPlayerControl.framework */ = {isa = PBXFileReference; explicitFileType = wrapper.framework; includeInIndex = 0; path = Pods_FDMPlayerControl.framework; sourceTree = BUILT_PRODUCTS_DIR; };
		E9CACC7C602A6C5244CCC9AC /* Pods-FDMPlayerControl.release.xcconfig */ = {isa = PBXFileReference; includeInIndex = 1; lastKnownFileType = text.xcconfig; name = "Pods-FDMPlayerControl.release.xcconfig"; path = "Target Support Files/Pods-FDMPlayerControl/Pods-FDMPlayerControl.release.xcconfig"; sourceTree = "<group>"; };
/* End PBXFileReference section */

/* Begin PBXFrameworksBuildPhase section */
		185BBE532456AB280093DF12 /* Frameworks */ = {
			isa = PBXFrameworksBuildPhase;
			buildActionMask = 2147483647;
			files = (
				270BD05E2170CF4D9E46713E /* Pods_FDMPlayerControl.framework in Frameworks */,
			);
			runOnlyForDeploymentPostprocessing = 0;
		};
/* End PBXFrameworksBuildPhase section */

/* Begin PBXGroup section */
		185BBE4D2456AB280093DF12 = {
			isa = PBXGroup;
			children = (
				185BBE582456AB280093DF12 /* FDMPlayerControl */,
				185BBE572456AB280093DF12 /* Products */,
				185BBE742456B8C50093DF12 /* Frameworks */,
				F115A0B2C5DFCCA95DC4FDAD /* Pods */,
			);
			sourceTree = "<group>";
		};
		185BBE572456AB280093DF12 /* Products */ = {
			isa = PBXGroup;
			children = (
				185BBE562456AB280093DF12 /* FDMPlayerControl.app */,
			);
			name = Products;
			sourceTree = "<group>";
		};
		185BBE582456AB280093DF12 /* FDMPlayerControl */ = {
			isa = PBXGroup;
			children = (
				185BBE702456ACBB0093DF12 /* Tool */,
				185BBE6D2456AB8C0093DF12 /* PlayerControl */,
				185BBE592456AB280093DF12 /* AppDelegate.swift */,
				185BBE5D2456AB280093DF12 /* ViewController.swift */,
				185BBE5F2456AB280093DF12 /* Main.storyboard */,
				185BBE622456AB280093DF12 /* Assets.xcassets */,
				185BBE642456AB280093DF12 /* LaunchScreen.storyboard */,
				185BBE672456AB280093DF12 /* Info.plist */,
			);
			path = FDMPlayerControl;
			sourceTree = "<group>";
		};
		185BBE6D2456AB8C0093DF12 /* PlayerControl */ = {
			isa = PBXGroup;
			children = (
				185BBE7D2456BB200093DF12 /* FDMPlayerControlManager.swift */,
				185BBE7C2456BAC80093DF12 /* View */,
			);
			path = PlayerControl;
			sourceTree = "<group>";
		};
		185BBE702456ACBB0093DF12 /* Tool */ = {
			isa = PBXGroup;
			children = (
			);
			path = Tool;
			sourceTree = "<group>";
		};
		185BBE742456B8C50093DF12 /* Frameworks */ = {
			isa = PBXGroup;
			children = (
				185BBE752456B8C50093DF12 /* SnapKit.framework */,
				B4D5ECA1460143ED32F781D4 /* Pods_FDMPlayerControl.framework */,
			);
			name = Frameworks;
			sourceTree = "<group>";
		};
		185BBE7C2456BAC80093DF12 /* View */ = {
			isa = PBXGroup;
			children = (
				1805C9112456BDA700254818 /* FDMPlayerBottomView.swift */,
				1805C9132456CDF300254818 /* FDMPlayerItem.swift */,
			);
			path = View;
			sourceTree = "<group>";
		};
		F115A0B2C5DFCCA95DC4FDAD /* Pods */ = {
			isa = PBXGroup;
			children = (
				1B589AE814D0F7DB181DB02D /* Pods-FDMPlayerControl.debug.xcconfig */,
				E9CACC7C602A6C5244CCC9AC /* Pods-FDMPlayerControl.release.xcconfig */,
			);
			path = Pods;
			sourceTree = "<group>";
		};
/* End PBXGroup section */

/* Begin PBXNativeTarget section */
		185BBE552456AB280093DF12 /* FDMPlayerControl */ = {
			isa = PBXNativeTarget;
			buildConfigurationList = 185BBE6A2456AB280093DF12 /* Build configuration list for PBXNativeTarget "FDMPlayerControl" */;
			buildPhases = (
				067F8E1A01F820E48A5BB43E /* [CP] Check Pods Manifest.lock */,
				185BBE522456AB280093DF12 /* Sources */,
				185BBE532456AB280093DF12 /* Frameworks */,
				185BBE542456AB280093DF12 /* Resources */,
				968B6A65B7C5BED212E5C1D0 /* [CP] Embed Pods Frameworks */,
			);
			buildRules = (
			);
			dependencies = (
			);
			name = FDMPlayerControl;
			productName = FDMPlayerControl;
			productReference = 185BBE562456AB280093DF12 /* FDMPlayerControl.app */;
			productType = "com.apple.product-type.application";
		};
/* End PBXNativeTarget section */

/* Begin PBXProject section */
		185BBE4E2456AB280093DF12 /* Project object */ = {
			isa = PBXProject;
			attributes = {
				LastSwiftUpdateCheck = 1140;
				LastUpgradeCheck = 1140;
				ORGANIZATIONNAME = "发抖喵";
				TargetAttributes = {
					185BBE552456AB280093DF12 = {
						CreatedOnToolsVersion = 11.4.1;
					};
				};
			};
			buildConfigurationList = 185BBE512456AB280093DF12 /* Build configuration list for PBXProject "FDMPlayerControl" */;
			compatibilityVersion = "Xcode 9.3";
			developmentRegion = en;
			hasScannedForEncodings = 0;
			knownRegions = (
				en,
				Base,
			);
			mainGroup = 185BBE4D2456AB280093DF12;
			productRefGroup = 185BBE572456AB280093DF12 /* Products */;
			projectDirPath = "";
			projectRoot = "";
			targets = (
				185BBE552456AB280093DF12 /* FDMPlayerControl */,
			);
		};
/* End PBXProject section */

/* Begin PBXResourcesBuildPhase section */
		185BBE542456AB280093DF12 /* Resources */ = {
			isa = PBXResourcesBuildPhase;
			buildActionMask = 2147483647;
			files = (
				185BBE662456AB280093DF12 /* LaunchScreen.storyboard in Resources */,
				185BBE632456AB280093DF12 /* Assets.xcassets in Resources */,
				185BBE612456AB280093DF12 /* Main.storyboard in Resources */,
			);
			runOnlyForDeploymentPostprocessing = 0;
		};
/* End PBXResourcesBuildPhase section */

/* Begin PBXShellScriptBuildPhase section */
		067F8E1A01F820E48A5BB43E /* [CP] Check Pods Manifest.lock */ = {
			isa = PBXShellScriptBuildPhase;
			buildActionMask = 2147483647;
			files = (
			);
			inputFileListPaths = (
			);
			inputPaths = (
				"${PODS_PODFILE_DIR_PATH}/Podfile.lock",
				"${PODS_ROOT}/Manifest.lock",
			);
			name = "[CP] Check Pods Manifest.lock";
			outputFileListPaths = (
			);
			outputPaths = (
				"$(DERIVED_FILE_DIR)/Pods-FDMPlayerControl-checkManifestLockResult.txt",
			);
			runOnlyForDeploymentPostprocessing = 0;
			shellPath = /bin/sh;
			shellScript = "diff \"${PODS_PODFILE_DIR_PATH}/Podfile.lock\" \"${PODS_ROOT}/Manifest.lock\" > /dev/null\nif [ $? != 0 ] ; then\n    # print error to STDERR\n    echo \"error: The sandbox is not in sync with the Podfile.lock. Run 'pod install' or update your CocoaPods installation.\" >&2\n    exit 1\nfi\n# This output is used by Xcode 'outputs' to avoid re-running this script phase.\necho \"SUCCESS\" > \"${SCRIPT_OUTPUT_FILE_0}\"\n";
			showEnvVarsInLog = 0;
		};
		968B6A65B7C5BED212E5C1D0 /* [CP] Embed Pods Frameworks */ = {
			isa = PBXShellScriptBuildPhase;
			buildActionMask = 2147483647;
			files = (
			);
			inputFileListPaths = (
				"${PODS_ROOT}/Target Support Files/Pods-FDMPlayerControl/Pods-FDMPlayerControl-frameworks-${CONFIGURATION}-input-files.xcfilelist",
			);
			name = "[CP] Embed Pods Frameworks";
			outputFileListPaths = (
				"${PODS_ROOT}/Target Support Files/Pods-FDMPlayerControl/Pods-FDMPlayerControl-frameworks-${CONFIGURATION}-output-files.xcfilelist",
			);
			runOnlyForDeploymentPostprocessing = 0;
			shellPath = /bin/sh;
			shellScript = "\"${PODS_ROOT}/Target Support Files/Pods-FDMPlayerControl/Pods-FDMPlayerControl-frameworks.sh\"\n";
			showEnvVarsInLog = 0;
		};
/* End PBXShellScriptBuildPhase section */

/* Begin PBXSourcesBuildPhase section */
		185BBE522456AB280093DF12 /* Sources */ = {
			isa = PBXSourcesBuildPhase;
			buildActionMask = 2147483647;
			files = (
				1805C9122456BDA700254818 /* FDMPlayerBottomView.swift in Sources */,
				1805C9142456CDF300254818 /* FDMPlayerItem.swift in Sources */,
				185BBE7E2456BB200093DF12 /* FDMPlayerControlManager.swift in Sources */,
				185BBE5E2456AB280093DF12 /* ViewController.swift in Sources */,
				185BBE5A2456AB280093DF12 /* AppDelegate.swift in Sources */,
			);
			runOnlyForDeploymentPostprocessing = 0;
		};
/* End PBXSourcesBuildPhase section */

/* Begin PBXVariantGroup section */
		185BBE5F2456AB280093DF12 /* Main.storyboard */ = {
			isa = PBXVariantGroup;
			children = (
				185BBE602456AB280093DF12 /* Base */,
			);
			name = Main.storyboard;
			sourceTree = "<group>";
		};
		185BBE642456AB280093DF12 /* LaunchScreen.storyboard */ = {
			isa = PBXVariantGroup;
			children = (
				185BBE652456AB280093DF12 /* Base */,
			);
			name = LaunchScreen.storyboard;
			sourceTree = "<group>";
		};
/* End PBXVariantGroup section */

/* Begin XCBuildConfiguration section */
		185BBE682456AB280093DF12 /* Debug */ = {
			isa = XCBuildConfiguration;
			buildSettings = {
				ALWAYS_SEARCH_USER_PATHS = NO;
				CLANG_ANALYZER_NONNULL = YES;
				CLANG_ANALYZER_NUMBER_OBJECT_CONVERSION = YES_AGGRESSIVE;
				CLANG_CXX_LANGUAGE_STANDARD = "gnu++14";
				CLANG_CXX_LIBRARY = "libc++";
				CLANG_ENABLE_MODULES = YES;
				CLANG_ENABLE_OBJC_ARC = YES;
				CLANG_ENABLE_OBJC_WEAK = YES;
				CLANG_WARN_BLOCK_CAPTURE_AUTORELEASING = YES;
				CLANG_WARN_BOOL_CONVERSION = YES;
				CLANG_WARN_COMMA = YES;
				CLANG_WARN_CONSTANT_CONVERSION = YES;
				CLANG_WARN_DEPRECATED_OBJC_IMPLEMENTATIONS = YES;
				CLANG_WARN_DIRECT_OBJC_ISA_USAGE = YES_ERROR;
				CLANG_WARN_DOCUMENTATION_COMMENTS = YES;
				CLANG_WARN_EMPTY_BODY = YES;
				CLANG_WARN_ENUM_CONVERSION = YES;
				CLANG_WARN_INFINITE_RECURSION = YES;
				CLANG_WARN_INT_CONVERSION = YES;
				CLANG_WARN_NON_LITERAL_NULL_CONVERSION = YES;
				CLANG_WARN_OBJC_IMPLICIT_RETAIN_SELF = YES;
				CLANG_WARN_OBJC_LITERAL_CONVERSION = YES;
				CLANG_WARN_OBJC_ROOT_CLASS = YES_ERROR;
				CLANG_WARN_RANGE_LOOP_ANALYSIS = YES;
				CLANG_WARN_STRICT_PROTOTYPES = YES;
				CLANG_WARN_SUSPICIOUS_MOVE = YES;
				CLANG_WARN_UNGUARDED_AVAILABILITY = YES_AGGRESSIVE;
				CLANG_WARN_UNREACHABLE_CODE = YES;
				CLANG_WARN__DUPLICATE_METHOD_MATCH = YES;
				COPY_PHASE_STRIP = NO;
				DEBUG_INFORMATION_FORMAT = dwarf;
				ENABLE_STRICT_OBJC_MSGSEND = YES;
				ENABLE_TESTABILITY = YES;
				GCC_C_LANGUAGE_STANDARD = gnu11;
				GCC_DYNAMIC_NO_PIC = NO;
				GCC_NO_COMMON_BLOCKS = YES;
				GCC_OPTIMIZATION_LEVEL = 0;
				GCC_PREPROCESSOR_DEFINITIONS = (
					"DEBUG=1",
					"$(inherited)",
				);
				GCC_WARN_64_TO_32_BIT_CONVERSION = YES;
				GCC_WARN_ABOUT_RETURN_TYPE = YES_ERROR;
				GCC_WARN_UNDECLARED_SELECTOR = YES;
				GCC_WARN_UNINITIALIZED_AUTOS = YES_AGGRESSIVE;
				GCC_WARN_UNUSED_FUNCTION = YES;
				GCC_WARN_UNUSED_VARIABLE = YES;
				IPHONEOS_DEPLOYMENT_TARGET = 13.4;
				MTL_ENABLE_DEBUG_INFO = INCLUDE_SOURCE;
				MTL_FAST_MATH = YES;
				ONLY_ACTIVE_ARCH = YES;
				SDKROOT = iphoneos;
				SWIFT_ACTIVE_COMPILATION_CONDITIONS = DEBUG;
				SWIFT_OPTIMIZATION_LEVEL = "-Onone";
			};
			name = Debug;
		};
		185BBE692456AB280093DF12 /* Release */ = {
			isa = XCBuildConfiguration;
			buildSettings = {
				ALWAYS_SEARCH_USER_PATHS = NO;
				CLANG_ANALYZER_NONNULL = YES;
				CLANG_ANALYZER_NUMBER_OBJECT_CONVERSION = YES_AGGRESSIVE;
				CLANG_CXX_LANGUAGE_STANDARD = "gnu++14";
				CLANG_CXX_LIBRARY = "libc++";
				CLANG_ENABLE_MODULES = YES;
				CLANG_ENABLE_OBJC_ARC = YES;
				CLANG_ENABLE_OBJC_WEAK = YES;
				CLANG_WARN_BLOCK_CAPTURE_AUTORELEASING = YES;
				CLANG_WARN_BOOL_CONVERSION = YES;
				CLANG_WARN_COMMA = YES;
				CLANG_WARN_CONSTANT_CONVERSION = YES;
				CLANG_WARN_DEPRECATED_OBJC_IMPLEMENTATIONS = YES;
				CLANG_WARN_DIRECT_OBJC_ISA_USAGE = YES_ERROR;
				CLANG_WARN_DOCUMENTATION_COMMENTS = YES;
				CLANG_WARN_EMPTY_BODY = YES;
				CLANG_WARN_ENUM_CONVERSION = YES;
				CLANG_WARN_INFINITE_RECURSION = YES;
				CLANG_WARN_INT_CONVERSION = YES;
				CLANG_WARN_NON_LITERAL_NULL_CONVERSION = YES;
				CLANG_WARN_OBJC_IMPLICIT_RETAIN_SELF = YES;
				CLANG_WARN_OBJC_LITERAL_CONVERSION = YES;
				CLANG_WARN_OBJC_ROOT_CLASS = YES_ERROR;
				CLANG_WARN_RANGE_LOOP_ANALYSIS = YES;
				CLANG_WARN_STRICT_PROTOTYPES = YES;
				CLANG_WARN_SUSPICIOUS_MOVE = YES;
				CLANG_WARN_UNGUARDED_AVAILABILITY = YES_AGGRESSIVE;
				CLANG_WARN_UNREACHABLE_CODE = YES;
				CLANG_WARN__DUPLICATE_METHOD_MATCH = YES;
				COPY_PHASE_STRIP = NO;
				DEBUG_INFORMATION_FORMAT = "dwarf-with-dsym";
				ENABLE_NS_ASSERTIONS = NO;
				ENABLE_STRICT_OBJC_MSGSEND = YES;
				GCC_C_LANGUAGE_STANDARD = gnu11;
				GCC_NO_COMMON_BLOCKS = YES;
				GCC_WARN_64_TO_32_BIT_CONVERSION = YES;
				GCC_WARN_ABOUT_RETURN_TYPE = YES_ERROR;
				GCC_WARN_UNDECLARED_SELECTOR = YES;
				GCC_WARN_UNINITIALIZED_AUTOS = YES_AGGRESSIVE;
				GCC_WARN_UNUSED_FUNCTION = YES;
				GCC_WARN_UNUSED_VARIABLE = YES;
				IPHONEOS_DEPLOYMENT_TARGET = 13.4;
				MTL_ENABLE_DEBUG_INFO = NO;
				MTL_FAST_MATH = YES;
				SDKROOT = iphoneos;
				SWIFT_COMPILATION_MODE = wholemodule;
				SWIFT_OPTIMIZATION_LEVEL = "-O";
				VALIDATE_PRODUCT = YES;
			};
			name = Release;
		};
		185BBE6B2456AB280093DF12 /* Debug */ = {
			isa = XCBuildConfiguration;
			baseConfigurationReference = 1B589AE814D0F7DB181DB02D /* Pods-FDMPlayerControl.debug.xcconfig */;
			buildSettings = {
				ASSETCATALOG_COMPILER_APPICON_NAME = AppIcon;
				CODE_SIGN_STYLE = Automatic;
				DEVELOPMENT_TEAM = 75C84DSWC2;
				INFOPLIST_FILE = FDMPlayerControl/Info.plist;
				IPHONEOS_DEPLOYMENT_TARGET = 10.0;
				LD_RUNPATH_SEARCH_PATHS = (
					"$(inherited)",
					"@executable_path/Frameworks",
				);
				PRODUCT_BUNDLE_IDENTIFIER = FDM.FDMPlayerControl;
				PRODUCT_NAME = "$(TARGET_NAME)";
				SWIFT_VERSION = 5.0;
				TARGETED_DEVICE_FAMILY = 1;
			};
			name = Debug;
		};
		185BBE6C2456AB280093DF12 /* Release */ = {
			isa = XCBuildConfiguration;
			baseConfigurationReference = E9CACC7C602A6C5244CCC9AC /* Pods-FDMPlayerControl.release.xcconfig */;
			buildSettings = {
				ASSETCATALOG_COMPILER_APPICON_NAME = AppIcon;
				CODE_SIGN_STYLE = Automatic;
				DEVELOPMENT_TEAM = 75C84DSWC2;
				INFOPLIST_FILE = FDMPlayerControl/Info.plist;
				IPHONEOS_DEPLOYMENT_TARGET = 10.0;
				LD_RUNPATH_SEARCH_PATHS = (
					"$(inherited)",
					"@executable_path/Frameworks",
				);
				PRODUCT_BUNDLE_IDENTIFIER = FDM.FDMPlayerControl;
				PRODUCT_NAME = "$(TARGET_NAME)";
				SWIFT_VERSION = 5.0;
				TARGETED_DEVICE_FAMILY = 1;
			};
			name = Release;
		};
/* End XCBuildConfiguration section */

/* Begin XCConfigurationList section */
		185BBE512456AB280093DF12 /* Build configuration list for PBXProject "FDMPlayerControl" */ = {
			isa = XCConfigurationList;
			buildConfigurations = (
				185BBE682456AB280093DF12 /* Debug */,
				185BBE692456AB280093DF12 /* Release */,
			);
			defaultConfigurationIsVisible = 0;
			defaultConfigurationName = Release;
		};
		185BBE6A2456AB280093DF12 /* Build configuration list for PBXNativeTarget "FDMPlayerControl" */ = {
			isa = XCConfigurationList;
			buildConfigurations = (
				185BBE6B2456AB280093DF12 /* Debug */,
				185BBE6C2456AB280093DF12 /* Release */,
			);
			defaultConfigurationIsVisible = 0;
			defaultConfigurationName = Release;
		};
/* End XCConfigurationList section */
	};
	rootObject = 185BBE4E2456AB280093DF12 /* Project object */;
}
